
Microsoft Visual Studio Solution File, Format Version 12.00
# Visual Studio Version 17
VisualStudioVersion = 17.9.34728.123
MinimumVisualStudioVersion = 10.0.40219.1
Project("{FAE04EC0-301F-11D3-BF4B-00C04F79EFBC}") = "BaiKiemTraSo3_Tran_Cong_Dong_21203100059", "BaiKiemTraSo3_Tran_Cong_Dong_21203100059\BaiKiemTraSo3_Tran_Cong_Dong_21203100059.csproj", "{49FA88D3-D00D-4494-814E-309125AFEBE3}"
EndProject
Global
	GlobalSection(SolutionConfigurationPlatforms) = preSolution
		Debug|Any CPU = Debug|Any CPU
		Release|Any CPU = Release|Any CPU
	EndGlobalSection
	GlobalSection(ProjectConfigurationPlatforms) = postSolution
		{49FA88D3-D00D-4494-814E-309125AFEBE3}.Debug|Any CPU.ActiveCfg = Debug|Any CPU
		{49FA88D3-D00D-4494-814E-309125AFEBE3}.Debug|Any CPU.Build.0 = Debug|Any CPU
		{49FA88D3-D00D-4494-814E-309125AFEBE3}.Release|Any CPU.ActiveCfg = Release|Any CPU
		{49FA88D3-D00D-4494-814E-309125AFEBE3}.Release|Any CPU.Build.0 = Release|Any CPU
	EndGlobalSection
	GlobalSection(SolutionProperties) = preSolution
		HideSolutionNode = FALSE
	EndGlobalSection
	GlobalSection(ExtensibilityGlobals) = postSolution
		SolutionGuid = {E9FE3DED-3B69-498F-BDE5-11676C4971B5}
	EndGlobalSection
EndGlobal
